
Microsoft Visual Studio Solution File, Format Version 12.00
# Visual Studio 15
VisualStudioVersion = 15.0.28307.329
MinimumVisualStudioVersion = 10.0.40219.1
Project("{FAE04EC0-301F-11D3-BF4B-00C04F79EFBC}") = "WinTracert", "WinTracert\WinTracert.csproj", "{A21A92DB-5D3E-4C3A-8EEB-9F5BF191B6B7}"
EndProject
Global
	GlobalSection(SolutionConfigurationPlatforms) = preSolution
		Debug|Any CPU = Debug|Any CPU
		Release|Any CPU = Release|Any CPU
	EndGlobalSection
	GlobalSection(ProjectConfigurationPlatforms) = postSolution
		{A21A92DB-5D3E-4C3A-8EEB-9F5BF191B6B7}.Debug|Any CPU.ActiveCfg = Debug|Any CPU
		{A21A92DB-5D3E-4C3A-8EEB-9F5BF191B6B7}.Debug|Any CPU.Build.0 = Debug|Any CPU
		{A21A92DB-5D3E-4C3A-8EEB-9F5BF191B6B7}.Release|Any CPU.ActiveCfg = Release|Any CPU
		{A21A92DB-5D3E-4C3A-8EEB-9F5BF191B6B7}.Release|Any CPU.Build.0 = Release|Any CPU
	EndGlobalSection
	GlobalSection(SolutionProperties) = preSolution
		HideSolutionNode = FALSE
	EndGlobalSection
	GlobalSection(ExtensibilityGlobals) = postSolution
		SolutionGuid = {AC000967-C6BC-4145-B4C8-DA4D32804511}
	EndGlobalSection
EndGlobal
